
Microsoft Visual Studio Solution File, Format Version 12.00
# Visual Studio Version 17
VisualStudioVersion = 17.9.34728.123
MinimumVisualStudioVersion = 10.0.40219.1
Project("{8BC9CEB8-8B4A-11D0-8D11-00A0C91BC942}") = "ConsoleApplication1", "ConsoleApplication1\ConsoleApplication1.vcxproj", "{E60EE9A3-6F89-414C-8701-E625D8CEA651}"
EndProject
Global
	GlobalSection(SolutionConfigurationPlatforms) = preSolution
		Debug|x64 = Debug|x64
		Debug|x86 = Debug|x86
		Release|x64 = Release|x64
		Release|x86 = Release|x86
	EndGlobalSection
	GlobalSection(ProjectConfigurationPlatforms) = postSolution
		{E60EE9A3-6F89-414C-8701-E625D8CEA651}.Debug|x64.ActiveCfg = Debug|x64
		{E60EE9A3-6F89-414C-8701-E625D8CEA651}.Debug|x64.Build.0 = Debug|x64
		{E60EE9A3-6F89-414C-8701-E625D8CEA651}.Debug|x86.ActiveCfg = Debug|Win32
		{E60EE9A3-6F89-414C-8701-E625D8CEA651}.Debug|x86.Build.0 = Debug|Win32
		{E60EE9A3-6F89-414C-8701-E625D8CEA651}.Release|x64.ActiveCfg = Release|x64
		{E60EE9A3-6F89-414C-8701-E625D8CEA651}.Release|x64.Build.0 = Release|x64
		{E60EE9A3-6F89-414C-8701-E625D8CEA651}.Release|x86.ActiveCfg = Release|Win32
		{E60EE9A3-6F89-414C-8701-E625D8CEA651}.Release|x86.Build.0 = Release|Win32
	EndGlobalSection
	GlobalSection(SolutionProperties) = preSolution
		HideSolutionNode = FALSE
	EndGlobalSection
	GlobalSection(ExtensibilityGlobals) = postSolution
		SolutionGuid = {3FDE8BDB-97FF-40E2-9EA7-453B7809F99D}
	EndGlobalSection
EndGlobal
